// !$*UTF8*$!
{
	archiveVersion = 1;
	classes = {
	};
	objectVersion = 50;
	objects = {

/* Begin PBXBuildFile section */
		86017A8227963AAC0080E1AB /* AppDelegate.swift in Sources */ = {isa = PBXBuildFile; fileRef = 86017A8127963AAC0080E1AB /* AppDelegate.swift */; };
		86017A8427963AAC0080E1AB /* SceneDelegate.swift in Sources */ = {isa = PBXBuildFile; fileRef = 86017A8327963AAC0080E1AB /* SceneDelegate.swift */; };
		86017A8627963AAC0080E1AB /* ViewController.swift in Sources */ = {isa = PBXBuildFile; fileRef = 86017A8527963AAC0080E1AB /* ViewController.swift */; };
		86017A8927963AAC0080E1AB /* Main.storyboard in Resources */ = {isa = PBXBuildFile; fileRef = 86017A8727963AAC0080E1AB /* Main.storyboard */; };
		86017A8B27963AAD0080E1AB /* Assets.xcassets in Resources */ = {isa = PBXBuildFile; fileRef = 86017A8A27963AAD0080E1AB /* Assets.xcassets */; };
		86017A8E27963AAD0080E1AB /* LaunchScreen.storyboard in Resources */ = {isa = PBXBuildFile; fileRef = 86017A8C27963AAD0080E1AB /* LaunchScreen.storyboard */; };
		86017A9727963AF20080E1AB /* CustomTableViewCell.swift in Sources */ = {isa = PBXBuildFile; fileRef = 86017A9527963AF20080E1AB /* CustomTableViewCell.swift */; };
		86017A9827963AF20080E1AB /* CustomTableViewCell.xib in Resources */ = {isa = PBXBuildFile; fileRef = 86017A9627963AF20080E1AB /* CustomTableViewCell.xib */; };
		86017A9B2796411C0080E1AB /* lamp_pink.png in Resources */ = {isa = PBXBuildFile; fileRef = 86017A9A2796411C0080E1AB /* lamp_pink.png */; };
/* End PBXBuildFile section */

/* Begin PBXFileReference section */
		86017A7E27963AAC0080E1AB /* Sample_CustomTableViewCell.app */ = {isa = PBXFileReference; explicitFileType = wrapper.application; includeInIndex = 0; path = Sample_CustomTableViewCell.app; sourceTree = BUILT_PRODUCTS_DIR; };
		86017A8127963AAC0080E1AB /* AppDelegate.swift */ = {isa = PBXFileReference; lastKnownFileType = sourcecode.swift; path = AppDelegate.swift; sourceTree = "<group>"; };
		86017A8327963AAC0080E1AB /* SceneDelegate.swift */ = {isa = PBXFileReference; lastKnownFileType = sourcecode.swift; path = SceneDelegate.swift; sourceTree = "<group>"; };
		86017A8527963AAC0080E1AB /* ViewController.swift */ = {isa = PBXFileReference; lastKnownFileType = sourcecode.swift; path = ViewController.swift; sourceTree = "<group>"; };
		86017A8827963AAC0080E1AB /* Base */ = {isa = PBXFileReference; lastKnownFileType = file.storyboard; name = Base; path = Base.lproj/Main.storyboard; sourceTree = "<group>"; };
		86017A8A27963AAD0080E1AB /* Assets.xcassets */ = {isa = PBXFileReference; lastKnownFileType = folder.assetcatalog; path = Assets.xcassets; sourceTree = "<group>"; };
		86017A8D27963AAD0080E1AB /* Base */ = {isa = PBXFileReference; lastKnownFileType = file.storyboard; name = Base; path = Base.lproj/LaunchScreen.storyboard; sourceTree = "<group>"; };
		86017A8F27963AAD0080E1AB /* Info.plist */ = {isa = PBXFileReference; lastKnownFileType = text.plist.xml; path = Info.plist; sourceTree = "<group>"; };
		86017A9527963AF20080E1AB /* CustomTableViewCell.swift */ = {isa = PBXFileReference; lastKnownFileType = sourcecode.swift; path = CustomTableViewCell.swift; sourceTree = "<group>"; };
		86017A9627963AF20080E1AB /* CustomTableViewCell.xib */ = {isa = PBXFileReference; lastKnownFileType = file.xib; path = CustomTableViewCell.xib; sourceTree = "<group>"; };
		86017A9A2796411C0080E1AB /* lamp_pink.png */ = {isa = PBXFileReference; lastKnownFileType = image.png; path = lamp_pink.png; sourceTree = "<group>"; };
/* End PBXFileReference section */

/* Begin PBXFrameworksBuildPhase section */
		86017A7B27963AAC0080E1AB /* Frameworks */ = {
			isa = PBXFrameworksBuildPhase;
			buildActionMask = 2147483647;
			files = (
			);
			runOnlyForDeploymentPostprocessing = 0;
		};
/* End PBXFrameworksBuildPhase section */

/* Begin PBXGroup section */
		86017A7527963AAC0080E1AB = {
			isa = PBXGroup;
			children = (
				86017A8027963AAC0080E1AB /* Sample_CustomTableViewCell */,
				86017A7F27963AAC0080E1AB /* Products */,
			);
			sourceTree = "<group>";
		};
		86017A7F27963AAC0080E1AB /* Products */ = {
			isa = PBXGroup;
			children = (
				86017A7E27963AAC0080E1AB /* Sample_CustomTableViewCell.app */,
			);
			name = Products;
			sourceTree = "<group>";
		};
		86017A8027963AAC0080E1AB /* Sample_CustomTableViewCell */ = {
			isa = PBXGroup;
			children = (
				86017A992796410F0080E1AB /* Images */,
				86017A8127963AAC0080E1AB /* AppDelegate.swift */,
				86017A8327963AAC0080E1AB /* SceneDelegate.swift */,
				86017A8527963AAC0080E1AB /* ViewController.swift */,
				86017A9527963AF20080E1AB /* CustomTableViewCell.swift */,
				86017A9627963AF20080E1AB /* CustomTableViewCell.xib */,
				86017A8727963AAC0080E1AB /* Main.storyboard */,
				86017A8A27963AAD0080E1AB /* Assets.xcassets */,
				86017A8C27963AAD0080E1AB /* LaunchScreen.storyboard */,
				86017A8F27963AAD0080E1AB /* Info.plist */,
			);
			path = Sample_CustomTableViewCell;
			sourceTree = "<group>";
		};
		86017A992796410F0080E1AB /* Images */ = {
			isa = PBXGroup;
			children = (
				86017A9A2796411C0080E1AB /* lamp_pink.png */,
			);
			path = Images;
			sourceTree = "<group>";
		};
/* End PBXGroup section */

/* Begin PBXNativeTarget section */
		86017A7D27963AAC0080E1AB /* Sample_CustomTableViewCell */ = {
			isa = PBXNativeTarget;
			buildConfigurationList = 86017A9227963AAD0080E1AB /* Build configuration list for PBXNativeTarget "Sample_CustomTableViewCell" */;
			buildPhases = (
				86017A7A27963AAC0080E1AB /* Sources */,
				86017A7B27963AAC0080E1AB /* Frameworks */,
				86017A7C27963AAC0080E1AB /* Resources */,
			);
			buildRules = (
			);
			dependencies = (
			);
			name = Sample_CustomTableViewCell;
			productName = Sample_CustomTableViewCell;
			productReference = 86017A7E27963AAC0080E1AB /* Sample_CustomTableViewCell.app */;
			productType = "com.apple.product-type.application";
		};
/* End PBXNativeTarget section */

/* Begin PBXProject section */
		86017A7627963AAC0080E1AB /* Project object */ = {
			isa = PBXProject;
			attributes = {
				LastSwiftUpdateCheck = 1250;
				LastUpgradeCheck = 1250;
				TargetAttributes = {
					86017A7D27963AAC0080E1AB = {
						CreatedOnToolsVersion = 12.5;
					};
				};
			};
			buildConfigurationList = 86017A7927963AAC0080E1AB /* Build configuration list for PBXProject "Sample_CustomTableViewCell" */;
			compatibilityVersion = "Xcode 9.3";
			developmentRegion = en;
			hasScannedForEncodings = 0;
			knownRegions = (
				en,
				Base,
			);
			mainGroup = 86017A7527963AAC0080E1AB;
			productRefGroup = 86017A7F27963AAC0080E1AB /* Products */;
			projectDirPath = "";
			projectRoot = "";
			targets = (
				86017A7D27963AAC0080E1AB /* Sample_CustomTableViewCell */,
			);
		};
/* End PBXProject section */

/* Begin PBXResourcesBuildPhase section */
		86017A7C27963AAC0080E1AB /* Resources */ = {
			isa = PBXResourcesBuildPhase;
			buildActionMask = 2147483647;
			files = (
				86017A8E27963AAD0080E1AB /* LaunchScreen.storyboard in Resources */,
				86017A9B2796411C0080E1AB /* lamp_pink.png in Resources */,
				86017A8B27963AAD0080E1AB /* Assets.xcassets in Resources */,
				86017A9827963AF20080E1AB /* CustomTableViewCell.xib in Resources */,
				86017A8927963AAC0080E1AB /* Main.storyboard in Resources */,
			);
			runOnlyForDeploymentPostprocessing = 0;
		};
/* End PBXResourcesBuildPhase section */

/* Begin PBXSourcesBuildPhase section */
		86017A7A27963AAC0080E1AB /* Sources */ = {
			isa = PBXSourcesBuildPhase;
			buildActionMask = 2147483647;
			files = (
				86017A8627963AAC0080E1AB /* ViewController.swift in Sources */,
				86017A8227963AAC0080E1AB /* AppDelegate.swift in Sources */,
				86017A9727963AF20080E1AB /* CustomTableViewCell.swift in Sources */,
				86017A8427963AAC0080E1AB /* SceneDelegate.swift in Sources */,
			);
			runOnlyForDeploymentPostprocessing = 0;
		};
/* End PBXSourcesBuildPhase section */

/* Begin PBXVariantGroup section */
		86017A8727963AAC0080E1AB /* Main.storyboard */ = {
			isa = PBXVariantGroup;
			children = (
				86017A8827963AAC0080E1AB /* Base */,
			);
			name = Main.storyboard;
			sourceTree = "<group>";
		};
		86017A8C27963AAD0080E1AB /* LaunchScreen.storyboard */ = {
			isa = PBXVariantGroup;
			children = (
				86017A8D27963AAD0080E1AB /* Base */,
			);
			name = LaunchScreen.storyboard;
			sourceTree = "<group>";
		};
/* End PBXVariantGroup section */

/* Begin XCBuildConfiguration section */
		86017A9027963AAD0080E1AB /* Debug */ = {
			isa = XCBuildConfiguration;
			buildSettings = {
				ALWAYS_SEARCH_USER_PATHS = NO;
				CLANG_ANALYZER_NONNULL = YES;
				CLANG_ANALYZER_NUMBER_OBJECT_CONVERSION = YES_AGGRESSIVE;
				CLANG_CXX_LANGUAGE_STANDARD = "gnu++14";
				CLANG_CXX_LIBRARY = "libc++";
				CLANG_ENABLE_MODULES = YES;
				CLANG_ENABLE_OBJC_ARC = YES;
				CLANG_ENABLE_OBJC_WEAK = YES;
				CLANG_WARN_BLOCK_CAPTURE_AUTORELEASING = YES;
				CLANG_WARN_BOOL_CONVERSION = YES;
				CLANG_WARN_COMMA = YES;
				CLANG_WARN_CONSTANT_CONVERSION = YES;
				CLANG_WARN_DEPRECATED_OBJC_IMPLEMENTATIONS = YES;
				CLANG_WARN_DIRECT_OBJC_ISA_USAGE = YES_ERROR;
				CLANG_WARN_DOCUMENTATION_COMMENTS = YES;
				CLANG_WARN_EMPTY_BODY = YES;
				CLANG_WARN_ENUM_CONVERSION = YES;
				CLANG_WARN_INFINITE_RECURSION = YES;
				CLANG_WARN_INT_CONVERSION = YES;
				CLANG_WARN_NON_LITERAL_NULL_CONVERSION = YES;
				CLANG_WARN_OBJC_IMPLICIT_RETAIN_SELF = YES;
				CLANG_WARN_OBJC_LITERAL_CONVERSION = YES;
				CLANG_WARN_OBJC_ROOT_CLASS = YES_ERROR;
				CLANG_WARN_QUOTED_INCLUDE_IN_FRAMEWORK_HEADER = YES;
				CLANG_WARN_RANGE_LOOP_ANALYSIS = YES;
				CLANG_WARN_STRICT_PROTOTYPES = YES;
				CLANG_WARN_SUSPICIOUS_MOVE = YES;
				CLANG_WARN_UNGUARDED_AVAILABILITY = YES_AGGRESSIVE;
				CLANG_WARN_UNREACHABLE_CODE = YES;
				CLANG_WARN__DUPLICATE_METHOD_MATCH = YES;
				COPY_PHASE_STRIP = NO;
				DEBUG_INFORMATION_FORMAT = dwarf;
				ENABLE_STRICT_OBJC_MSGSEND = YES;
				ENABLE_TESTABILITY = YES;
				GCC_C_LANGUAGE_STANDARD = gnu11;
				GCC_DYNAMIC_NO_PIC = NO;
				GCC_NO_COMMON_BLOCKS = YES;
				GCC_OPTIMIZATION_LEVEL = 0;
				GCC_PREPROCESSOR_DEFINITIONS = (
					"DEBUG=1",
					"$(inherited)",
				);
				GCC_WARN_64_TO_32_BIT_CONVERSION = YES;
				GCC_WARN_ABOUT_RETURN_TYPE = YES_ERROR;
				GCC_WARN_UNDECLARED_SELECTOR = YES;
				GCC_WARN_UNINITIALIZED_AUTOS = YES_AGGRESSIVE;
				GCC_WARN_UNUSED_FUNCTION = YES;
				GCC_WARN_UNUSED_VARIABLE = YES;
				IPHONEOS_DEPLOYMENT_TARGET = 14.5;
				MTL_ENABLE_DEBUG_INFO = INCLUDE_SOURCE;
				MTL_FAST_MATH = YES;
				ONLY_ACTIVE_ARCH = YES;
				SDKROOT = iphoneos;
				SWIFT_ACTIVE_COMPILATION_CONDITIONS = DEBUG;
				SWIFT_OPTIMIZATION_LEVEL = "-Onone";
			};
			name = Debug;
		};
		86017A9127963AAD0080E1AB /* Release */ = {
			isa = XCBuildConfiguration;
			buildSettings = {
				ALWAYS_SEARCH_USER_PATHS = NO;
				CLANG_ANALYZER_NONNULL = YES;
				CLANG_ANALYZER_NUMBER_OBJECT_CONVERSION = YES_AGGRESSIVE;
				CLANG_CXX_LANGUAGE_STANDARD = "gnu++14";
				CLANG_CXX_LIBRARY = "libc++";
				CLANG_ENABLE_MODULES = YES;
				CLANG_ENABLE_OBJC_ARC = YES;
				CLANG_ENABLE_OBJC_WEAK = YES;
				CLANG_WARN_BLOCK_CAPTURE_AUTORELEASING = YES;
				CLANG_WARN_BOOL_CONVERSION = YES;
				CLANG_WARN_COMMA = YES;
				CLANG_WARN_CONSTANT_CONVERSION = YES;
				CLANG_WARN_DEPRECATED_OBJC_IMPLEMENTATIONS = YES;
				CLANG_WARN_DIRECT_OBJC_ISA_USAGE = YES_ERROR;
				CLANG_WARN_DOCUMENTATION_COMMENTS = YES;
				CLANG_WARN_EMPTY_BODY = YES;
				CLANG_WARN_ENUM_CONVERSION = YES;
				CLANG_WARN_INFINITE_RECURSION = YES;
				CLANG_WARN_INT_CONVERSION = YES;
				CLANG_WARN_NON_LITERAL_NULL_CONVERSION = YES;
				CLANG_WARN_OBJC_IMPLICIT_RETAIN_SELF = YES;
				CLANG_WARN_OBJC_LITERAL_CONVERSION = YES;
				CLANG_WARN_OBJC_ROOT_CLASS = YES_ERROR;
				CLANG_WARN_QUOTED_INCLUDE_IN_FRAMEWORK_HEADER = YES;
				CLANG_WARN_RANGE_LOOP_ANALYSIS = YES;
				CLANG_WARN_STRICT_PROTOTYPES = YES;
				CLANG_WARN_SUSPICIOUS_MOVE = YES;
				CLANG_WARN_UNGUARDED_AVAILABILITY = YES_AGGRESSIVE;
				CLANG_WARN_UNREACHABLE_CODE = YES;
				CLANG_WARN__DUPLICATE_METHOD_MATCH = YES;
				COPY_PHASE_STRIP = NO;
				DEBUG_INFORMATION_FORMAT = "dwarf-with-dsym";
				ENABLE_NS_ASSERTIONS = NO;
				ENABLE_STRICT_OBJC_MSGSEND = YES;
				GCC_C_LANGUAGE_STANDARD = gnu11;
				GCC_NO_COMMON_BLOCKS = YES;
				GCC_WARN_64_TO_32_BIT_CONVERSION = YES;
				GCC_WARN_ABOUT_RETURN_TYPE = YES_ERROR;
				GCC_WARN_UNDECLARED_SELECTOR = YES;
				GCC_WARN_UNINITIALIZED_AUTOS = YES_AGGRESSIVE;
				GCC_WARN_UNUSED_FUNCTION = YES;
				GCC_WARN_UNUSED_VARIABLE = YES;
				IPHONEOS_DEPLOYMENT_TARGET = 14.5;
				MTL_ENABLE_DEBUG_INFO = NO;
				MTL_FAST_MATH = YES;
				SDKROOT = iphoneos;
				SWIFT_COMPILATION_MODE = wholemodule;
				SWIFT_OPTIMIZATION_LEVEL = "-O";
				VALIDATE_PRODUCT = YES;
			};
			name = Release;
		};
		86017A9327963AAD0080E1AB /* Debug */ = {
			isa = XCBuildConfiguration;
			buildSettings = {
				ASSETCATALOG_COMPILER_APPICON_NAME = AppIcon;
				ASSETCATALOG_COMPILER_GLOBAL_ACCENT_COLOR_NAME = AccentColor;
				CODE_SIGN_STYLE = Automatic;
				DEVELOPMENT_TEAM = NF6SU57H5L;
				INFOPLIST_FILE = Sample_CustomTableViewCell/Info.plist;
				LD_RUNPATH_SEARCH_PATHS = (
					"$(inherited)",
					"@executable_path/Frameworks",
				);
				PRODUCT_BUNDLE_IDENTIFIER = "com.swiftlec.Sample-CustomTableViewCell";
				PRODUCT_NAME = "$(TARGET_NAME)";
				SWIFT_VERSION = 5.0;
				TARGETED_DEVICE_FAMILY = "1,2";
			};
			name = Debug;
		};
		86017A9427963AAD0080E1AB /* Release */ = {
			isa = XCBuildConfiguration;
			buildSettings = {
				ASSETCATALOG_COMPILER_APPICON_NAME = AppIcon;
				ASSETCATALOG_COMPILER_GLOBAL_ACCENT_COLOR_NAME = AccentColor;
				CODE_SIGN_STYLE = Automatic;
				DEVELOPMENT_TEAM = NF6SU57H5L;
				INFOPLIST_FILE = Sample_CustomTableViewCell/Info.plist;
				LD_RUNPATH_SEARCH_PATHS = (
					"$(inherited)",
					"@executable_path/Frameworks",
				);
				PRODUCT_BUNDLE_IDENTIFIER = "com.swiftlec.Sample-CustomTableViewCell";
				PRODUCT_NAME = "$(TARGET_NAME)";
				SWIFT_VERSION = 5.0;
				TARGETED_DEVICE_FAMILY = "1,2";
			};
			name = Release;
		};
/* End XCBuildConfiguration section */

/* Begin XCConfigurationList section */
		86017A7927963AAC0080E1AB /* Build configuration list for PBXProject "Sample_CustomTableViewCell" */ = {
			isa = XCConfigurationList;
			buildConfigurations = (
				86017A9027963AAD0080E1AB /* Debug */,
				86017A9127963AAD0080E1AB /* Release */,
			);
			defaultConfigurationIsVisible = 0;
			defaultConfigurationName = Release;
		};
		86017A9227963AAD0080E1AB /* Build configuration list for PBXNativeTarget "Sample_CustomTableViewCell" */ = {
			isa = XCConfigurationList;
			buildConfigurations = (
				86017A9327963AAD0080E1AB /* Debug */,
				86017A9427963AAD0080E1AB /* Release */,
			);
			defaultConfigurationIsVisible = 0;
			defaultConfigurationName = Release;
		};
/* End XCConfigurationList section */
	};
	rootObject = 86017A7627963AAC0080E1AB /* Project object */;
}
