// !$*UTF8*$!
{
	archiveVersion = 1;
	classes = {
	};
	objectVersion = 50;
	objects = {

/* Begin PBXBuildFile section */
		86F6D169278FC63E00E2D364 /* AppDelegate.swift in Sources */ = {isa = PBXBuildFile; fileRef = 86F6D168278FC63E00E2D364 /* AppDelegate.swift */; };
		86F6D16B278FC63E00E2D364 /* SceneDelegate.swift in Sources */ = {isa = PBXBuildFile; fileRef = 86F6D16A278FC63E00E2D364 /* SceneDelegate.swift */; };
		86F6D170278FC63E00E2D364 /* Main.storyboard in Resources */ = {isa = PBXBuildFile; fileRef = 86F6D16E278FC63E00E2D364 /* Main.storyboard */; };
		86F6D172278FC63E00E2D364 /* Assets.xcassets in Resources */ = {isa = PBXBuildFile; fileRef = 86F6D171278FC63E00E2D364 /* Assets.xcassets */; };
		86F6D175278FC63E00E2D364 /* LaunchScreen.storyboard in Resources */ = {isa = PBXBuildFile; fileRef = 86F6D173278FC63E00E2D364 /* LaunchScreen.storyboard */; };
		86F6D17D278FEC9300E2D364 /* AddViewController.swift in Sources */ = {isa = PBXBuildFile; fileRef = 86F6D17C278FEC9300E2D364 /* AddViewController.swift */; };
		86F6D17F278FECB600E2D364 /* MainTableViewController.swift in Sources */ = {isa = PBXBuildFile; fileRef = 86F6D17E278FECB600E2D364 /* MainTableViewController.swift */; };
		86F6D181278FECFD00E2D364 /* DetailViewController.swift in Sources */ = {isa = PBXBuildFile; fileRef = 86F6D180278FECFD00E2D364 /* DetailViewController.swift */; };
		86F6D186278FEFC000E2D364 /* pencil.png in Resources */ = {isa = PBXBuildFile; fileRef = 86F6D183278FEFC000E2D364 /* pencil.png */; };
		86F6D187278FEFC000E2D364 /* cart.png in Resources */ = {isa = PBXBuildFile; fileRef = 86F6D184278FEFC000E2D364 /* cart.png */; };
		86F6D188278FEFC000E2D364 /* clock.png in Resources */ = {isa = PBXBuildFile; fileRef = 86F6D185278FEFC000E2D364 /* clock.png */; };
/* End PBXBuildFile section */

/* Begin PBXFileReference section */
		86F6D165278FC63E00E2D364 /* Sample_NavigationTableView.app */ = {isa = PBXFileReference; explicitFileType = wrapper.application; includeInIndex = 0; path = Sample_NavigationTableView.app; sourceTree = BUILT_PRODUCTS_DIR; };
		86F6D168278FC63E00E2D364 /* AppDelegate.swift */ = {isa = PBXFileReference; lastKnownFileType = sourcecode.swift; path = AppDelegate.swift; sourceTree = "<group>"; };
		86F6D16A278FC63E00E2D364 /* SceneDelegate.swift */ = {isa = PBXFileReference; lastKnownFileType = sourcecode.swift; path = SceneDelegate.swift; sourceTree = "<group>"; };
		86F6D16F278FC63E00E2D364 /* Base */ = {isa = PBXFileReference; lastKnownFileType = file.storyboard; name = Base; path = Base.lproj/Main.storyboard; sourceTree = "<group>"; };
		86F6D171278FC63E00E2D364 /* Assets.xcassets */ = {isa = PBXFileReference; lastKnownFileType = folder.assetcatalog; path = Assets.xcassets; sourceTree = "<group>"; };
		86F6D174278FC63E00E2D364 /* Base */ = {isa = PBXFileReference; lastKnownFileType = file.storyboard; name = Base; path = Base.lproj/LaunchScreen.storyboard; sourceTree = "<group>"; };
		86F6D176278FC63E00E2D364 /* Info.plist */ = {isa = PBXFileReference; lastKnownFileType = text.plist.xml; path = Info.plist; sourceTree = "<group>"; };
		86F6D17C278FEC9300E2D364 /* AddViewController.swift */ = {isa = PBXFileReference; lastKnownFileType = sourcecode.swift; path = AddViewController.swift; sourceTree = "<group>"; };
		86F6D17E278FECB600E2D364 /* MainTableViewController.swift */ = {isa = PBXFileReference; lastKnownFileType = sourcecode.swift; path = MainTableViewController.swift; sourceTree = "<group>"; };
		86F6D180278FECFD00E2D364 /* DetailViewController.swift */ = {isa = PBXFileReference; lastKnownFileType = sourcecode.swift; path = DetailViewController.swift; sourceTree = "<group>"; };
		86F6D183278FEFC000E2D364 /* pencil.png */ = {isa = PBXFileReference; lastKnownFileType = image.png; path = pencil.png; sourceTree = "<group>"; };
		86F6D184278FEFC000E2D364 /* cart.png */ = {isa = PBXFileReference; lastKnownFileType = image.png; path = cart.png; sourceTree = "<group>"; };
		86F6D185278FEFC000E2D364 /* clock.png */ = {isa = PBXFileReference; lastKnownFileType = image.png; path = clock.png; sourceTree = "<group>"; };
/* End PBXFileReference section */

/* Begin PBXFrameworksBuildPhase section */
		86F6D162278FC63E00E2D364 /* Frameworks */ = {
			isa = PBXFrameworksBuildPhase;
			buildActionMask = 2147483647;
			files = (
			);
			runOnlyForDeploymentPostprocessing = 0;
		};
/* End PBXFrameworksBuildPhase section */

/* Begin PBXGroup section */
		86F6D15C278FC63E00E2D364 = {
			isa = PBXGroup;
			children = (
				86F6D167278FC63E00E2D364 /* Sample_NavigationTableView */,
				86F6D166278FC63E00E2D364 /* Products */,
			);
			sourceTree = "<group>";
		};
		86F6D166278FC63E00E2D364 /* Products */ = {
			isa = PBXGroup;
			children = (
				86F6D165278FC63E00E2D364 /* Sample_NavigationTableView.app */,
			);
			name = Products;
			sourceTree = "<group>";
		};
		86F6D167278FC63E00E2D364 /* Sample_NavigationTableView */ = {
			isa = PBXGroup;
			children = (
				86F6D182278FEFA000E2D364 /* Images */,
				86F6D168278FC63E00E2D364 /* AppDelegate.swift */,
				86F6D16A278FC63E00E2D364 /* SceneDelegate.swift */,
				86F6D17C278FEC9300E2D364 /* AddViewController.swift */,
				86F6D17E278FECB600E2D364 /* MainTableViewController.swift */,
				86F6D180278FECFD00E2D364 /* DetailViewController.swift */,
				86F6D16E278FC63E00E2D364 /* Main.storyboard */,
				86F6D171278FC63E00E2D364 /* Assets.xcassets */,
				86F6D173278FC63E00E2D364 /* LaunchScreen.storyboard */,
				86F6D176278FC63E00E2D364 /* Info.plist */,
			);
			path = Sample_NavigationTableView;
			sourceTree = "<group>";
		};
		86F6D182278FEFA000E2D364 /* Images */ = {
			isa = PBXGroup;
			children = (
				86F6D184278FEFC000E2D364 /* cart.png */,
				86F6D185278FEFC000E2D364 /* clock.png */,
				86F6D183278FEFC000E2D364 /* pencil.png */,
			);
			path = Images;
			sourceTree = "<group>";
		};
/* End PBXGroup section */

/* Begin PBXNativeTarget section */
		86F6D164278FC63E00E2D364 /* Sample_NavigationTableView */ = {
			isa = PBXNativeTarget;
			buildConfigurationList = 86F6D179278FC63E00E2D364 /* Build configuration list for PBXNativeTarget "Sample_NavigationTableView" */;
			buildPhases = (
				86F6D161278FC63E00E2D364 /* Sources */,
				86F6D162278FC63E00E2D364 /* Frameworks */,
				86F6D163278FC63E00E2D364 /* Resources */,
			);
			buildRules = (
			);
			dependencies = (
			);
			name = Sample_NavigationTableView;
			productName = Sample_NavigationTableView;
			productReference = 86F6D165278FC63E00E2D364 /* Sample_NavigationTableView.app */;
			productType = "com.apple.product-type.application";
		};
/* End PBXNativeTarget section */

/* Begin PBXProject section */
		86F6D15D278FC63E00E2D364 /* Project object */ = {
			isa = PBXProject;
			attributes = {
				LastSwiftUpdateCheck = 1250;
				LastUpgradeCheck = 1250;
				TargetAttributes = {
					86F6D164278FC63E00E2D364 = {
						CreatedOnToolsVersion = 12.5;
					};
				};
			};
			buildConfigurationList = 86F6D160278FC63E00E2D364 /* Build configuration list for PBXProject "Sample_NavigationTableView" */;
			compatibilityVersion = "Xcode 9.3";
			developmentRegion = en;
			hasScannedForEncodings = 0;
			knownRegions = (
				en,
				Base,
			);
			mainGroup = 86F6D15C278FC63E00E2D364;
			productRefGroup = 86F6D166278FC63E00E2D364 /* Products */;
			projectDirPath = "";
			projectRoot = "";
			targets = (
				86F6D164278FC63E00E2D364 /* Sample_NavigationTableView */,
			);
		};
/* End PBXProject section */

/* Begin PBXResourcesBuildPhase section */
		86F6D163278FC63E00E2D364 /* Resources */ = {
			isa = PBXResourcesBuildPhase;
			buildActionMask = 2147483647;
			files = (
				86F6D188278FEFC000E2D364 /* clock.png in Resources */,
				86F6D186278FEFC000E2D364 /* pencil.png in Resources */,
				86F6D187278FEFC000E2D364 /* cart.png in Resources */,
				86F6D175278FC63E00E2D364 /* LaunchScreen.storyboard in Resources */,
				86F6D172278FC63E00E2D364 /* Assets.xcassets in Resources */,
				86F6D170278FC63E00E2D364 /* Main.storyboard in Resources */,
			);
			runOnlyForDeploymentPostprocessing = 0;
		};
/* End PBXResourcesBuildPhase section */

/* Begin PBXSourcesBuildPhase section */
		86F6D161278FC63E00E2D364 /* Sources */ = {
			isa = PBXSourcesBuildPhase;
			buildActionMask = 2147483647;
			files = (
				86F6D169278FC63E00E2D364 /* AppDelegate.swift in Sources */,
				86F6D17D278FEC9300E2D364 /* AddViewController.swift in Sources */,
				86F6D181278FECFD00E2D364 /* DetailViewController.swift in Sources */,
				86F6D17F278FECB600E2D364 /* MainTableViewController.swift in Sources */,
				86F6D16B278FC63E00E2D364 /* SceneDelegate.swift in Sources */,
			);
			runOnlyForDeploymentPostprocessing = 0;
		};
/* End PBXSourcesBuildPhase section */

/* Begin PBXVariantGroup section */
		86F6D16E278FC63E00E2D364 /* Main.storyboard */ = {
			isa = PBXVariantGroup;
			children = (
				86F6D16F278FC63E00E2D364 /* Base */,
			);
			name = Main.storyboard;
			sourceTree = "<group>";
		};
		86F6D173278FC63E00E2D364 /* LaunchScreen.storyboard */ = {
			isa = PBXVariantGroup;
			children = (
				86F6D174278FC63E00E2D364 /* Base */,
			);
			name = LaunchScreen.storyboard;
			sourceTree = "<group>";
		};
/* End PBXVariantGroup section */

/* Begin XCBuildConfiguration section */
		86F6D177278FC63E00E2D364 /* Debug */ = {
			isa = XCBuildConfiguration;
			buildSettings = {
				ALWAYS_SEARCH_USER_PATHS = NO;
				CLANG_ANALYZER_NONNULL = YES;
				CLANG_ANALYZER_NUMBER_OBJECT_CONVERSION = YES_AGGRESSIVE;
				CLANG_CXX_LANGUAGE_STANDARD = "gnu++14";
				CLANG_CXX_LIBRARY = "libc++";
				CLANG_ENABLE_MODULES = YES;
				CLANG_ENABLE_OBJC_ARC = YES;
				CLANG_ENABLE_OBJC_WEAK = YES;
				CLANG_WARN_BLOCK_CAPTURE_AUTORELEASING = YES;
				CLANG_WARN_BOOL_CONVERSION = YES;
				CLANG_WARN_COMMA = YES;
				CLANG_WARN_CONSTANT_CONVERSION = YES;
				CLANG_WARN_DEPRECATED_OBJC_IMPLEMENTATIONS = YES;
				CLANG_WARN_DIRECT_OBJC_ISA_USAGE = YES_ERROR;
				CLANG_WARN_DOCUMENTATION_COMMENTS = YES;
				CLANG_WARN_EMPTY_BODY = YES;
				CLANG_WARN_ENUM_CONVERSION = YES;
				CLANG_WARN_INFINITE_RECURSION = YES;
				CLANG_WARN_INT_CONVERSION = YES;
				CLANG_WARN_NON_LITERAL_NULL_CONVERSION = YES;
				CLANG_WARN_OBJC_IMPLICIT_RETAIN_SELF = YES;
				CLANG_WARN_OBJC_LITERAL_CONVERSION = YES;
				CLANG_WARN_OBJC_ROOT_CLASS = YES_ERROR;
				CLANG_WARN_QUOTED_INCLUDE_IN_FRAMEWORK_HEADER = YES;
				CLANG_WARN_RANGE_LOOP_ANALYSIS = YES;
				CLANG_WARN_STRICT_PROTOTYPES = YES;
				CLANG_WARN_SUSPICIOUS_MOVE = YES;
				CLANG_WARN_UNGUARDED_AVAILABILITY = YES_AGGRESSIVE;
				CLANG_WARN_UNREACHABLE_CODE = YES;
				CLANG_WARN__DUPLICATE_METHOD_MATCH = YES;
				COPY_PHASE_STRIP = NO;
				DEBUG_INFORMATION_FORMAT = dwarf;
				ENABLE_STRICT_OBJC_MSGSEND = YES;
				ENABLE_TESTABILITY = YES;
				GCC_C_LANGUAGE_STANDARD = gnu11;
				GCC_DYNAMIC_NO_PIC = NO;
				GCC_NO_COMMON_BLOCKS = YES;
				GCC_OPTIMIZATION_LEVEL = 0;
				GCC_PREPROCESSOR_DEFINITIONS = (
					"DEBUG=1",
					"$(inherited)",
				);
				GCC_WARN_64_TO_32_BIT_CONVERSION = YES;
				GCC_WARN_ABOUT_RETURN_TYPE = YES_ERROR;
				GCC_WARN_UNDECLARED_SELECTOR = YES;
				GCC_WARN_UNINITIALIZED_AUTOS = YES_AGGRESSIVE;
				GCC_WARN_UNUSED_FUNCTION = YES;
				GCC_WARN_UNUSED_VARIABLE = YES;
				IPHONEOS_DEPLOYMENT_TARGET = 14.5;
				MTL_ENABLE_DEBUG_INFO = INCLUDE_SOURCE;
				MTL_FAST_MATH = YES;
				ONLY_ACTIVE_ARCH = YES;
				SDKROOT = iphoneos;
				SWIFT_ACTIVE_COMPILATION_CONDITIONS = DEBUG;
				SWIFT_OPTIMIZATION_LEVEL = "-Onone";
			};
			name = Debug;
		};
		86F6D178278FC63E00E2D364 /* Release */ = {
			isa = XCBuildConfiguration;
			buildSettings = {
				ALWAYS_SEARCH_USER_PATHS = NO;
				CLANG_ANALYZER_NONNULL = YES;
				CLANG_ANALYZER_NUMBER_OBJECT_CONVERSION = YES_AGGRESSIVE;
				CLANG_CXX_LANGUAGE_STANDARD = "gnu++14";
				CLANG_CXX_LIBRARY = "libc++";
				CLANG_ENABLE_MODULES = YES;
				CLANG_ENABLE_OBJC_ARC = YES;
				CLANG_ENABLE_OBJC_WEAK = YES;
				CLANG_WARN_BLOCK_CAPTURE_AUTORELEASING = YES;
				CLANG_WARN_BOOL_CONVERSION = YES;
				CLANG_WARN_COMMA = YES;
				CLANG_WARN_CONSTANT_CONVERSION = YES;
				CLANG_WARN_DEPRECATED_OBJC_IMPLEMENTATIONS = YES;
				CLANG_WARN_DIRECT_OBJC_ISA_USAGE = YES_ERROR;
				CLANG_WARN_DOCUMENTATION_COMMENTS = YES;
				CLANG_WARN_EMPTY_BODY = YES;
				CLANG_WARN_ENUM_CONVERSION = YES;
				CLANG_WARN_INFINITE_RECURSION = YES;
				CLANG_WARN_INT_CONVERSION = YES;
				CLANG_WARN_NON_LITERAL_NULL_CONVERSION = YES;
				CLANG_WARN_OBJC_IMPLICIT_RETAIN_SELF = YES;
				CLANG_WARN_OBJC_LITERAL_CONVERSION = YES;
				CLANG_WARN_OBJC_ROOT_CLASS = YES_ERROR;
				CLANG_WARN_QUOTED_INCLUDE_IN_FRAMEWORK_HEADER = YES;
				CLANG_WARN_RANGE_LOOP_ANALYSIS = YES;
				CLANG_WARN_STRICT_PROTOTYPES = YES;
				CLANG_WARN_SUSPICIOUS_MOVE = YES;
				CLANG_WARN_UNGUARDED_AVAILABILITY = YES_AGGRESSIVE;
				CLANG_WARN_UNREACHABLE_CODE = YES;
				CLANG_WARN__DUPLICATE_METHOD_MATCH = YES;
				COPY_PHASE_STRIP = NO;
				DEBUG_INFORMATION_FORMAT = "dwarf-with-dsym";
				ENABLE_NS_ASSERTIONS = NO;
				ENABLE_STRICT_OBJC_MSGSEND = YES;
				GCC_C_LANGUAGE_STANDARD = gnu11;
				GCC_NO_COMMON_BLOCKS = YES;
				GCC_WARN_64_TO_32_BIT_CONVERSION = YES;
				GCC_WARN_ABOUT_RETURN_TYPE = YES_ERROR;
				GCC_WARN_UNDECLARED_SELECTOR = YES;
				GCC_WARN_UNINITIALIZED_AUTOS = YES_AGGRESSIVE;
				GCC_WARN_UNUSED_FUNCTION = YES;
				GCC_WARN_UNUSED_VARIABLE = YES;
				IPHONEOS_DEPLOYMENT_TARGET = 14.5;
				MTL_ENABLE_DEBUG_INFO = NO;
				MTL_FAST_MATH = YES;
				SDKROOT = iphoneos;
				SWIFT_COMPILATION_MODE = wholemodule;
				SWIFT_OPTIMIZATION_LEVEL = "-O";
				VALIDATE_PRODUCT = YES;
			};
			name = Release;
		};
		86F6D17A278FC63E00E2D364 /* Debug */ = {
			isa = XCBuildConfiguration;
			buildSettings = {
				ASSETCATALOG_COMPILER_APPICON_NAME = AppIcon;
				ASSETCATALOG_COMPILER_GLOBAL_ACCENT_COLOR_NAME = AccentColor;
				CODE_SIGN_STYLE = Automatic;
				DEVELOPMENT_TEAM = NF6SU57H5L;
				INFOPLIST_FILE = Sample_NavigationTableView/Info.plist;
				LD_RUNPATH_SEARCH_PATHS = (
					"$(inherited)",
					"@executable_path/Frameworks",
				);
				PRODUCT_BUNDLE_IDENTIFIER = "com.swiftlec.Sample-NavigationTableView";
				PRODUCT_NAME = "$(TARGET_NAME)";
				SWIFT_VERSION = 5.0;
				TARGETED_DEVICE_FAMILY = "1,2";
			};
			name = Debug;
		};
		86F6D17B278FC63E00E2D364 /* Release */ = {
			isa = XCBuildConfiguration;
			buildSettings = {
				ASSETCATALOG_COMPILER_APPICON_NAME = AppIcon;
				ASSETCATALOG_COMPILER_GLOBAL_ACCENT_COLOR_NAME = AccentColor;
				CODE_SIGN_STYLE = Automatic;
				DEVELOPMENT_TEAM = NF6SU57H5L;
				INFOPLIST_FILE = Sample_NavigationTableView/Info.plist;
				LD_RUNPATH_SEARCH_PATHS = (
					"$(inherited)",
					"@executable_path/Frameworks",
				);
				PRODUCT_BUNDLE_IDENTIFIER = "com.swiftlec.Sample-NavigationTableView";
				PRODUCT_NAME = "$(TARGET_NAME)";
				SWIFT_VERSION = 5.0;
				TARGETED_DEVICE_FAMILY = "1,2";
			};
			name = Release;
		};
/* End XCBuildConfiguration section */

/* Begin XCConfigurationList section */
		86F6D160278FC63E00E2D364 /* Build configuration list for PBXProject "Sample_NavigationTableView" */ = {
			isa = XCConfigurationList;
			buildConfigurations = (
				86F6D177278FC63E00E2D364 /* Debug */,
				86F6D178278FC63E00E2D364 /* Release */,
			);
			defaultConfigurationIsVisible = 0;
			defaultConfigurationName = Release;
		};
		86F6D179278FC63E00E2D364 /* Build configuration list for PBXNativeTarget "Sample_NavigationTableView" */ = {
			isa = XCConfigurationList;
			buildConfigurations = (
				86F6D17A278FC63E00E2D364 /* Debug */,
				86F6D17B278FC63E00E2D364 /* Release */,
			);
			defaultConfigurationIsVisible = 0;
			defaultConfigurationName = Release;
		};
/* End XCConfigurationList section */
	};
	rootObject = 86F6D15D278FC63E00E2D364 /* Project object */;
}
